
Microsoft Visual Studio Solution File, Format Version 12.00
# Visual Studio Version 17
VisualStudioVersion = 17.5.33516.290
MinimumVisualStudioVersion = 10.0.40219.1
Project("{FAE04EC0-301F-11D3-BF4B-00C04F79EFBC}") = "NkCibalia", "NkCibalia\NkCibalia.csproj", "{F4C2A0A8-1AFD-4943-A10A-2026587ABC47}"
EndProject
Global
	GlobalSection(SolutionConfigurationPlatforms) = preSolution
		Debug|Any CPU = Debug|Any CPU
		Release|Any CPU = Release|Any CPU
	EndGlobalSection
	GlobalSection(ProjectConfigurationPlatforms) = postSolution
		{F4C2A0A8-1AFD-4943-A10A-2026587ABC47}.Debug|Any CPU.ActiveCfg = Debug|Any CPU
		{F4C2A0A8-1AFD-4943-A10A-2026587ABC47}.Debug|Any CPU.Build.0 = Debug|Any CPU
		{F4C2A0A8-1AFD-4943-A10A-2026587ABC47}.Release|Any CPU.ActiveCfg = Release|Any CPU
		{F4C2A0A8-1AFD-4943-A10A-2026587ABC47}.Release|Any CPU.Build.0 = Release|Any CPU
	EndGlobalSection
	GlobalSection(SolutionProperties) = preSolution
		HideSolutionNode = FALSE
	EndGlobalSection
	GlobalSection(ExtensibilityGlobals) = postSolution
		SolutionGuid = {2DA452E2-7465-4C4B-B75B-67F68C576038}
	EndGlobalSection
EndGlobal
